// !$*UTF8*$!
{
	archiveVersion = 1;
	classes = {
	};
	objectVersion = 55;
	objects = {

/* Begin PBXBuildFile section */
		5D256BD6274BF9F500442724 /* AppDelegate.swift in Sources */ = {isa = PBXBuildFile; fileRef = 5D256BD5274BF9F500442724 /* AppDelegate.swift */; };
		5D256BD8274BF9F500442724 /* SceneDelegate.swift in Sources */ = {isa = PBXBuildFile; fileRef = 5D256BD7274BF9F500442724 /* SceneDelegate.swift */; };
		5D256BDA274BF9F500442724 /* ViewController.swift in Sources */ = {isa = PBXBuildFile; fileRef = 5D256BD9274BF9F500442724 /* ViewController.swift */; };
		5D256BDD274BF9F500442724 /* Main.storyboard in Resources */ = {isa = PBXBuildFile; fileRef = 5D256BDB274BF9F500442724 /* Main.storyboard */; };
		5D256BDF274BF9F700442724 /* Assets.xcassets in Resources */ = {isa = PBXBuildFile; fileRef = 5D256BDE274BF9F700442724 /* Assets.xcassets */; };
		5D256BE2274BF9F700442724 /* LaunchScreen.storyboard in Resources */ = {isa = PBXBuildFile; fileRef = 5D256BE0274BF9F700442724 /* LaunchScreen.storyboard */; };
		5D256BED274BF9F700442724 /* CarsTests.swift in Sources */ = {isa = PBXBuildFile; fileRef = 5D256BEC274BF9F700442724 /* CarsTests.swift */; };
		5D256BF7274BF9F800442724 /* CarsUITests.swift in Sources */ = {isa = PBXBuildFile; fileRef = 5D256BF6274BF9F800442724 /* CarsUITests.swift */; };
		5D256BF9274BF9F800442724 /* CarsUITestsLaunchTests.swift in Sources */ = {isa = PBXBuildFile; fileRef = 5D256BF8274BF9F800442724 /* CarsUITestsLaunchTests.swift */; };
/* End PBXBuildFile section */

/* Begin PBXContainerItemProxy section */
		5D256BE9274BF9F700442724 /* PBXContainerItemProxy */ = {
			isa = PBXContainerItemProxy;
			containerPortal = 5D256BCA274BF9F500442724 /* Project object */;
			proxyType = 1;
			remoteGlobalIDString = 5D256BD1274BF9F500442724;
			remoteInfo = Cars;
		};
		5D256BF3274BF9F800442724 /* PBXContainerItemProxy */ = {
			isa = PBXContainerItemProxy;
			containerPortal = 5D256BCA274BF9F500442724 /* Project object */;
			proxyType = 1;
			remoteGlobalIDString = 5D256BD1274BF9F500442724;
			remoteInfo = Cars;
		};
/* End PBXContainerItemProxy section */

/* Begin PBXFileReference section */
		5D256BD2274BF9F500442724 /* Cars.app */ = {isa = PBXFileReference; explicitFileType = wrapper.application; includeInIndex = 0; path = Cars.app; sourceTree = BUILT_PRODUCTS_DIR; };
		5D256BD5274BF9F500442724 /* AppDelegate.swift */ = {isa = PBXFileReference; lastKnownFileType = sourcecode.swift; path = AppDelegate.swift; sourceTree = "<group>"; };
		5D256BD7274BF9F500442724 /* SceneDelegate.swift */ = {isa = PBXFileReference; lastKnownFileType = sourcecode.swift; path = SceneDelegate.swift; sourceTree = "<group>"; };
		5D256BD9274BF9F500442724 /* ViewController.swift */ = {isa = PBXFileReference; lastKnownFileType = sourcecode.swift; path = ViewController.swift; sourceTree = "<group>"; };
		5D256BDC274BF9F500442724 /* Base */ = {isa = PBXFileReference; lastKnownFileType = file.storyboard; name = Base; path = Base.lproj/Main.storyboard; sourceTree = "<group>"; };
		5D256BDE274BF9F700442724 /* Assets.xcassets */ = {isa = PBXFileReference; lastKnownFileType = folder.assetcatalog; path = Assets.xcassets; sourceTree = "<group>"; };
		5D256BE1274BF9F700442724 /* Base */ = {isa = PBXFileReference; lastKnownFileType = file.storyboard; name = Base; path = Base.lproj/LaunchScreen.storyboard; sourceTree = "<group>"; };
		5D256BE3274BF9F700442724 /* Info.plist */ = {isa = PBXFileReference; lastKnownFileType = text.plist.xml; path = Info.plist; sourceTree = "<group>"; };
		5D256BE8274BF9F700442724 /* CarsTests.xctest */ = {isa = PBXFileReference; explicitFileType = wrapper.cfbundle; includeInIndex = 0; path = CarsTests.xctest; sourceTree = BUILT_PRODUCTS_DIR; };
		5D256BEC274BF9F700442724 /* CarsTests.swift */ = {isa = PBXFileReference; lastKnownFileType = sourcecode.swift; path = CarsTests.swift; sourceTree = "<group>"; };
		5D256BF2274BF9F800442724 /* CarsUITests.xctest */ = {isa = PBXFileReference; explicitFileType = wrapper.cfbundle; includeInIndex = 0; path = CarsUITests.xctest; sourceTree = BUILT_PRODUCTS_DIR; };
		5D256BF6274BF9F800442724 /* CarsUITests.swift */ = {isa = PBXFileReference; lastKnownFileType = sourcecode.swift; path = CarsUITests.swift; sourceTree = "<group>"; };
		5D256BF8274BF9F800442724 /* CarsUITestsLaunchTests.swift */ = {isa = PBXFileReference; lastKnownFileType = sourcecode.swift; path = CarsUITestsLaunchTests.swift; sourceTree = "<group>"; };
/* End PBXFileReference section */

/* Begin PBXFrameworksBuildPhase section */
		5D256BCF274BF9F500442724 /* Frameworks */ = {
			isa = PBXFrameworksBuildPhase;
			buildActionMask = 2147483647;
			files = (
			);
			runOnlyForDeploymentPostprocessing = 0;
		};
		5D256BE5274BF9F700442724 /* Frameworks */ = {
			isa = PBXFrameworksBuildPhase;
			buildActionMask = 2147483647;
			files = (
			);
			runOnlyForDeploymentPostprocessing = 0;
		};
		5D256BEF274BF9F800442724 /* Frameworks */ = {
			isa = PBXFrameworksBuildPhase;
			buildActionMask = 2147483647;
			files = (
			);
			runOnlyForDeploymentPostprocessing = 0;
		};
/* End PBXFrameworksBuildPhase section */

/* Begin PBXGroup section */
		5D256BC9274BF9F500442724 = {
			isa = PBXGroup;
			children = (
				5D256BD4274BF9F500442724 /* Cars */,
				5D256BEB274BF9F700442724 /* CarsTests */,
				5D256BF5274BF9F800442724 /* CarsUITests */,
				5D256BD3274BF9F500442724 /* Products */,
			);
			sourceTree = "<group>";
		};
		5D256BD3274BF9F500442724 /* Products */ = {
			isa = PBXGroup;
			children = (
				5D256BD2274BF9F500442724 /* Cars.app */,
				5D256BE8274BF9F700442724 /* CarsTests.xctest */,
				5D256BF2274BF9F800442724 /* CarsUITests.xctest */,
			);
			name = Products;
			sourceTree = "<group>";
		};
		5D256BD4274BF9F500442724 /* Cars */ = {
			isa = PBXGroup;
			children = (
				5D256BD5274BF9F500442724 /* AppDelegate.swift */,
				5D256BD7274BF9F500442724 /* SceneDelegate.swift */,
				5D256BD9274BF9F500442724 /* ViewController.swift */,
				5D256BDB274BF9F500442724 /* Main.storyboard */,
				5D256BDE274BF9F700442724 /* Assets.xcassets */,
				5D256BE0274BF9F700442724 /* LaunchScreen.storyboard */,
				5D256BE3274BF9F700442724 /* Info.plist */,
			);
			path = Cars;
			sourceTree = "<group>";
		};
		5D256BEB274BF9F700442724 /* CarsTests */ = {
			isa = PBXGroup;
			children = (
				5D256BEC274BF9F700442724 /* CarsTests.swift */,
			);
			path = CarsTests;
			sourceTree = "<group>";
		};
		5D256BF5274BF9F800442724 /* CarsUITests */ = {
			isa = PBXGroup;
			children = (
				5D256BF6274BF9F800442724 /* CarsUITests.swift */,
				5D256BF8274BF9F800442724 /* CarsUITestsLaunchTests.swift */,
			);
			path = CarsUITests;
			sourceTree = "<group>";
		};
/* End PBXGroup section */

/* Begin PBXNativeTarget section */
		5D256BD1274BF9F500442724 /* Cars */ = {
			isa = PBXNativeTarget;
			buildConfigurationList = 5D256BFC274BF9F800442724 /* Build configuration list for PBXNativeTarget "Cars" */;
			buildPhases = (
				5D256BCE274BF9F500442724 /* Sources */,
				5D256BCF274BF9F500442724 /* Frameworks */,
				5D256BD0274BF9F500442724 /* Resources */,
			);
			buildRules = (
			);
			dependencies = (
			);
			name = Cars;
			productName = Cars;
			productReference = 5D256BD2274BF9F500442724 /* Cars.app */;
			productType = "com.apple.product-type.application";
		};
		5D256BE7274BF9F700442724 /* CarsTests */ = {
			isa = PBXNativeTarget;
			buildConfigurationList = 5D256BFF274BF9F800442724 /* Build configuration list for PBXNativeTarget "CarsTests" */;
			buildPhases = (
				5D256BE4274BF9F700442724 /* Sources */,
				5D256BE5274BF9F700442724 /* Frameworks */,
				5D256BE6274BF9F700442724 /* Resources */,
			);
			buildRules = (
			);
			dependencies = (
				5D256BEA274BF9F700442724 /* PBXTargetDependency */,
			);
			name = CarsTests;
			productName = CarsTests;
			productReference = 5D256BE8274BF9F700442724 /* CarsTests.xctest */;
			productType = "com.apple.product-type.bundle.unit-test";
		};
		5D256BF1274BF9F800442724 /* CarsUITests */ = {
			isa = PBXNativeTarget;
			buildConfigurationList = 5D256C02274BF9F800442724 /* Build configuration list for PBXNativeTarget "CarsUITests" */;
			buildPhases = (
				5D256BEE274BF9F800442724 /* Sources */,
				5D256BEF274BF9F800442724 /* Frameworks */,
				5D256BF0274BF9F800442724 /* Resources */,
			);
			buildRules = (
			);
			dependencies = (
				5D256BF4274BF9F800442724 /* PBXTargetDependency */,
			);
			name = CarsUITests;
			productName = CarsUITests;
			productReference = 5D256BF2274BF9F800442724 /* CarsUITests.xctest */;
			productType = "com.apple.product-type.bundle.ui-testing";
		};
/* End PBXNativeTarget section */

/* Begin PBXProject section */
		5D256BCA274BF9F500442724 /* Project object */ = {
			isa = PBXProject;
			attributes = {
				BuildIndependentTargetsInParallel = 1;
				LastSwiftUpdateCheck = 1300;
				LastUpgradeCheck = 1300;
				TargetAttributes = {
					5D256BD1274BF9F500442724 = {
						CreatedOnToolsVersion = 13.0;
					};
					5D256BE7274BF9F700442724 = {
						CreatedOnToolsVersion = 13.0;
						TestTargetID = 5D256BD1274BF9F500442724;
					};
					5D256BF1274BF9F800442724 = {
						CreatedOnToolsVersion = 13.0;
						TestTargetID = 5D256BD1274BF9F500442724;
					};
				};
			};
			buildConfigurationList = 5D256BCD274BF9F500442724 /* Build configuration list for PBXProject "Cars" */;
			compatibilityVersion = "Xcode 13.0";
			developmentRegion = en;
			hasScannedForEncodings = 0;
			knownRegions = (
				en,
				Base,
			);
			mainGroup = 5D256BC9274BF9F500442724;
			productRefGroup = 5D256BD3274BF9F500442724 /* Products */;
			projectDirPath = "";
			projectRoot = "";
			targets = (
				5D256BD1274BF9F500442724 /* Cars */,
				5D256BE7274BF9F700442724 /* CarsTests */,
				5D256BF1274BF9F800442724 /* CarsUITests */,
			);
		};
/* End PBXProject section */

/* Begin PBXResourcesBuildPhase section */
		5D256BD0274BF9F500442724 /* Resources */ = {
			isa = PBXResourcesBuildPhase;
			buildActionMask = 2147483647;
			files = (
				5D256BE2274BF9F700442724 /* LaunchScreen.storyboard in Resources */,
				5D256BDF274BF9F700442724 /* Assets.xcassets in Resources */,
				5D256BDD274BF9F500442724 /* Main.storyboard in Resources */,
			);
			runOnlyForDeploymentPostprocessing = 0;
		};
		5D256BE6274BF9F700442724 /* Resources */ = {
			isa = PBXResourcesBuildPhase;
			buildActionMask = 2147483647;
			files = (
			);
			runOnlyForDeploymentPostprocessing = 0;
		};
		5D256BF0274BF9F800442724 /* Resources */ = {
			isa = PBXResourcesBuildPhase;
			buildActionMask = 2147483647;
			files = (
			);
			runOnlyForDeploymentPostprocessing = 0;
		};
/* End PBXResourcesBuildPhase section */

/* Begin PBXSourcesBuildPhase section */
		5D256BCE274BF9F500442724 /* Sources */ = {
			isa = PBXSourcesBuildPhase;
			buildActionMask = 2147483647;
			files = (
				5D256BDA274BF9F500442724 /* ViewController.swift in Sources */,
				5D256BD6274BF9F500442724 /* AppDelegate.swift in Sources */,
				5D256BD8274BF9F500442724 /* SceneDelegate.swift in Sources */,
			);
			runOnlyForDeploymentPostprocessing = 0;
		};
		5D256BE4274BF9F700442724 /* Sources */ = {
			isa = PBXSourcesBuildPhase;
			buildActionMask = 2147483647;
			files = (
				5D256BED274BF9F700442724 /* CarsTests.swift in Sources */,
			);
			runOnlyForDeploymentPostprocessing = 0;
		};
		5D256BEE274BF9F800442724 /* Sources */ = {
			isa = PBXSourcesBuildPhase;
			buildActionMask = 2147483647;
			files = (
				5D256BF7274BF9F800442724 /* CarsUITests.swift in Sources */,
				5D256BF9274BF9F800442724 /* CarsUITestsLaunchTests.swift in Sources */,
			);
			runOnlyForDeploymentPostprocessing = 0;
		};
/* End PBXSourcesBuildPhase section */

/* Begin PBXTargetDependency section */
		5D256BEA274BF9F700442724 /* PBXTargetDependency */ = {
			isa = PBXTargetDependency;
			target = 5D256BD1274BF9F500442724 /* Cars */;
			targetProxy = 5D256BE9274BF9F700442724 /* PBXContainerItemProxy */;
		};
		5D256BF4274BF9F800442724 /* PBXTargetDependency */ = {
			isa = PBXTargetDependency;
			target = 5D256BD1274BF9F500442724 /* Cars */;
			targetProxy = 5D256BF3274BF9F800442724 /* PBXContainerItemProxy */;
		};
/* End PBXTargetDependency section */

/* Begin PBXVariantGroup section */
		5D256BDB274BF9F500442724 /* Main.storyboard */ = {
			isa = PBXVariantGroup;
			children = (
				5D256BDC274BF9F500442724 /* Base */,
			);
			name = Main.storyboard;
			sourceTree = "<group>";
		};
		5D256BE0274BF9F700442724 /* LaunchScreen.storyboard */ = {
			isa = PBXVariantGroup;
			children = (
				5D256BE1274BF9F700442724 /* Base */,
			);
			name = LaunchScreen.storyboard;
			sourceTree = "<group>";
		};
/* End PBXVariantGroup section */

/* Begin XCBuildConfiguration section */
		5D256BFA274BF9F800442724 /* Debug */ = {
			isa = XCBuildConfiguration;
			buildSettings = {
				ALWAYS_SEARCH_USER_PATHS = NO;
				CLANG_ANALYZER_NONNULL = YES;
				CLANG_ANALYZER_NUMBER_OBJECT_CONVERSION = YES_AGGRESSIVE;
				CLANG_CXX_LANGUAGE_STANDARD = "gnu++17";
				CLANG_CXX_LIBRARY = "libc++";
				CLANG_ENABLE_MODULES = YES;
				CLANG_ENABLE_OBJC_ARC = YES;
				CLANG_ENABLE_OBJC_WEAK = YES;
				CLANG_WARN_BLOCK_CAPTURE_AUTORELEASING = YES;
				CLANG_WARN_BOOL_CONVERSION = YES;
				CLANG_WARN_COMMA = YES;
				CLANG_WARN_CONSTANT_CONVERSION = YES;
				CLANG_WARN_DEPRECATED_OBJC_IMPLEMENTATIONS = YES;
				CLANG_WARN_DIRECT_OBJC_ISA_USAGE = YES_ERROR;
				CLANG_WARN_DOCUMENTATION_COMMENTS = YES;
				CLANG_WARN_EMPTY_BODY = YES;
				CLANG_WARN_ENUM_CONVERSION = YES;
				CLANG_WARN_INFINITE_RECURSION = YES;
				CLANG_WARN_INT_CONVERSION = YES;
				CLANG_WARN_NON_LITERAL_NULL_CONVERSION = YES;
				CLANG_WARN_OBJC_IMPLICIT_RETAIN_SELF = YES;
				CLANG_WARN_OBJC_LITERAL_CONVERSION = YES;
				CLANG_WARN_OBJC_ROOT_CLASS = YES_ERROR;
				CLANG_WARN_QUOTED_INCLUDE_IN_FRAMEWORK_HEADER = YES;
				CLANG_WARN_RANGE_LOOP_ANALYSIS = YES;
				CLANG_WARN_STRICT_PROTOTYPES = YES;
				CLANG_WARN_SUSPICIOUS_MOVE = YES;
				CLANG_WARN_UNGUARDED_AVAILABILITY = YES_AGGRESSIVE;
				CLANG_WARN_UNREACHABLE_CODE = YES;
				CLANG_WARN__DUPLICATE_METHOD_MATCH = YES;
				COPY_PHASE_STRIP = NO;
				DEBUG_INFORMATION_FORMAT = dwarf;
				ENABLE_STRICT_OBJC_MSGSEND = YES;
				ENABLE_TESTABILITY = YES;
				GCC_C_LANGUAGE_STANDARD = gnu11;
				GCC_DYNAMIC_NO_PIC = NO;
				GCC_NO_COMMON_BLOCKS = YES;
				GCC_OPTIMIZATION_LEVEL = 0;
				GCC_PREPROCESSOR_DEFINITIONS = (
					"DEBUG=1",
					"$(inherited)",
				);
				GCC_WARN_64_TO_32_BIT_CONVERSION = YES;
				GCC_WARN_ABOUT_RETURN_TYPE = YES_ERROR;
				GCC_WARN_UNDECLARED_SELECTOR = YES;
				GCC_WARN_UNINITIALIZED_AUTOS = YES_AGGRESSIVE;
				GCC_WARN_UNUSED_FUNCTION = YES;
				GCC_WARN_UNUSED_VARIABLE = YES;
				IPHONEOS_DEPLOYMENT_TARGET = 15.0;
				MTL_ENABLE_DEBUG_INFO = INCLUDE_SOURCE;
				MTL_FAST_MATH = YES;
				ONLY_ACTIVE_ARCH = YES;
				SDKROOT = iphoneos;
				SWIFT_ACTIVE_COMPILATION_CONDITIONS = DEBUG;
				SWIFT_OPTIMIZATION_LEVEL = "-Onone";
			};
			name = Debug;
		};
		5D256BFB274BF9F800442724 /* Release */ = {
			isa = XCBuildConfiguration;
			buildSettings = {
				ALWAYS_SEARCH_USER_PATHS = NO;
				CLANG_ANALYZER_NONNULL = YES;
				CLANG_ANALYZER_NUMBER_OBJECT_CONVERSION = YES_AGGRESSIVE;
				CLANG_CXX_LANGUAGE_STANDARD = "gnu++17";
				CLANG_CXX_LIBRARY = "libc++";
				CLANG_ENABLE_MODULES = YES;
				CLANG_ENABLE_OBJC_ARC = YES;
				CLANG_ENABLE_OBJC_WEAK = YES;
				CLANG_WARN_BLOCK_CAPTURE_AUTORELEASING = YES;
				CLANG_WARN_BOOL_CONVERSION = YES;
				CLANG_WARN_COMMA = YES;
				CLANG_WARN_CONSTANT_CONVERSION = YES;
				CLANG_WARN_DEPRECATED_OBJC_IMPLEMENTATIONS = YES;
				CLANG_WARN_DIRECT_OBJC_ISA_USAGE = YES_ERROR;
				CLANG_WARN_DOCUMENTATION_COMMENTS = YES;
				CLANG_WARN_EMPTY_BODY = YES;
				CLANG_WARN_ENUM_CONVERSION = YES;
				CLANG_WARN_INFINITE_RECURSION = YES;
				CLANG_WARN_INT_CONVERSION = YES;
				CLANG_WARN_NON_LITERAL_NULL_CONVERSION = YES;
				CLANG_WARN_OBJC_IMPLICIT_RETAIN_SELF = YES;
				CLANG_WARN_OBJC_LITERAL_CONVERSION = YES;
				CLANG_WARN_OBJC_ROOT_CLASS = YES_ERROR;
				CLANG_WARN_QUOTED_INCLUDE_IN_FRAMEWORK_HEADER = YES;
				CLANG_WARN_RANGE_LOOP_ANALYSIS = YES;
				CLANG_WARN_STRICT_PROTOTYPES = YES;
				CLANG_WARN_SUSPICIOUS_MOVE = YES;
				CLANG_WARN_UNGUARDED_AVAILABILITY = YES_AGGRESSIVE;
				CLANG_WARN_UNREACHABLE_CODE = YES;
				CLANG_WARN__DUPLICATE_METHOD_MATCH = YES;
				COPY_PHASE_STRIP = NO;
				DEBUG_INFORMATION_FORMAT = "dwarf-with-dsym";
				ENABLE_NS_ASSERTIONS = NO;
				ENABLE_STRICT_OBJC_MSGSEND = YES;
				GCC_C_LANGUAGE_STANDARD = gnu11;
				GCC_NO_COMMON_BLOCKS = YES;
				GCC_WARN_64_TO_32_BIT_CONVERSION = YES;
				GCC_WARN_ABOUT_RETURN_TYPE = YES_ERROR;
				GCC_WARN_UNDECLARED_SELECTOR = YES;
				GCC_WARN_UNINITIALIZED_AUTOS = YES_AGGRESSIVE;
				GCC_WARN_UNUSED_FUNCTION = YES;
				GCC_WARN_UNUSED_VARIABLE = YES;
				IPHONEOS_DEPLOYMENT_TARGET = 15.0;
				MTL_ENABLE_DEBUG_INFO = NO;
				MTL_FAST_MATH = YES;
				SDKROOT = iphoneos;
				SWIFT_COMPILATION_MODE = wholemodule;
				SWIFT_OPTIMIZATION_LEVEL = "-O";
				VALIDATE_PRODUCT = YES;
			};
			name = Release;
		};
		5D256BFD274BF9F800442724 /* Debug */ = {
			isa = XCBuildConfiguration;
			buildSettings = {
				ASSETCATALOG_COMPILER_APPICON_NAME = AppIcon;
				ASSETCATALOG_COMPILER_GLOBAL_ACCENT_COLOR_NAME = AccentColor;
				CODE_SIGN_STYLE = Automatic;
				CURRENT_PROJECT_VERSION = 1;
				DEVELOPMENT_TEAM = JRYUD35XZ5;
				GENERATE_INFOPLIST_FILE = YES;
				INFOPLIST_FILE = Cars/Info.plist;
				INFOPLIST_KEY_UIApplicationSupportsIndirectInputEvents = YES;
				INFOPLIST_KEY_UILaunchStoryboardName = LaunchScreen;
				INFOPLIST_KEY_UIMainStoryboardFile = Main;
				INFOPLIST_KEY_UISupportedInterfaceOrientations_iPad = "UIInterfaceOrientationPortrait UIInterfaceOrientationPortraitUpsideDown UIInterfaceOrientationLandscapeLeft UIInterfaceOrientationLandscapeRight";
				INFOPLIST_KEY_UISupportedInterfaceOrientations_iPhone = "UIInterfaceOrientationPortrait UIInterfaceOrientationLandscapeLeft UIInterfaceOrientationLandscapeRight";
				LD_RUNPATH_SEARCH_PATHS = (
					"$(inherited)",
					"@executable_path/Frameworks",
				);
				MARKETING_VERSION = 1.0;
				PRODUCT_BUNDLE_IDENTIFIER = com.sevenpeakssoftware.michaeldugah.Cars;
				PRODUCT_NAME = "$(TARGET_NAME)";
				SWIFT_EMIT_LOC_STRINGS = YES;
				SWIFT_VERSION = 5.0;
				TARGETED_DEVICE_FAMILY = "1,2";
			};
			name = Debug;
		};
		5D256BFE274BF9F800442724 /* Release */ = {
			isa = XCBuildConfiguration;
			buildSettings = {
				ASSETCATALOG_COMPILER_APPICON_NAME = AppIcon;
				ASSETCATALOG_COMPILER_GLOBAL_ACCENT_COLOR_NAME = AccentColor;
				CODE_SIGN_STYLE = Automatic;
				CURRENT_PROJECT_VERSION = 1;
				DEVELOPMENT_TEAM = JRYUD35XZ5;
				GENERATE_INFOPLIST_FILE = YES;
				INFOPLIST_FILE = Cars/Info.plist;
				INFOPLIST_KEY_UIApplicationSupportsIndirectInputEvents = YES;
				INFOPLIST_KEY_UILaunchStoryboardName = LaunchScreen;
				INFOPLIST_KEY_UIMainStoryboardFile = Main;
				INFOPLIST_KEY_UISupportedInterfaceOrientations_iPad = "UIInterfaceOrientationPortrait UIInterfaceOrientationPortraitUpsideDown UIInterfaceOrientationLandscapeLeft UIInterfaceOrientationLandscapeRight";
				INFOPLIST_KEY_UISupportedInterfaceOrientations_iPhone = "UIInterfaceOrientationPortrait UIInterfaceOrientationLandscapeLeft UIInterfaceOrientationLandscapeRight";
				LD_RUNPATH_SEARCH_PATHS = (
					"$(inherited)",
					"@executable_path/Frameworks",
				);
				MARKETING_VERSION = 1.0;
				PRODUCT_BUNDLE_IDENTIFIER = com.sevenpeakssoftware.michaeldugah.Cars;
				PRODUCT_NAME = "$(TARGET_NAME)";
				SWIFT_EMIT_LOC_STRINGS = YES;
				SWIFT_VERSION = 5.0;
				TARGETED_DEVICE_FAMILY = "1,2";
			};
			name = Release;
		};
		5D256C00274BF9F800442724 /* Debug */ = {
			isa = XCBuildConfiguration;
			buildSettings = {
				ALWAYS_EMBED_SWIFT_STANDARD_LIBRARIES = YES;
				BUNDLE_LOADER = "$(TEST_HOST)";
				CODE_SIGN_STYLE = Automatic;
				CURRENT_PROJECT_VERSION = 1;
				DEVELOPMENT_TEAM = JRYUD35XZ5;
				GENERATE_INFOPLIST_FILE = YES;
				IPHONEOS_DEPLOYMENT_TARGET = 15.0;
				LD_RUNPATH_SEARCH_PATHS = (
					"$(inherited)",
					"@executable_path/Frameworks",
					"@loader_path/Frameworks",
				);
				MARKETING_VERSION = 1.0;
				PRODUCT_BUNDLE_IDENTIFIER = com.sevenpeakssoftware.michaeldugah.CarsTests;
				PRODUCT_NAME = "$(TARGET_NAME)";
				SWIFT_EMIT_LOC_STRINGS = NO;
				SWIFT_VERSION = 5.0;
				TARGETED_DEVICE_FAMILY = "1,2";
				TEST_HOST = "$(BUILT_PRODUCTS_DIR)/Cars.app/Cars";
			};
			name = Debug;
		};
		5D256C01274BF9F800442724 /* Release */ = {
			isa = XCBuildConfiguration;
			buildSettings = {
				ALWAYS_EMBED_SWIFT_STANDARD_LIBRARIES = YES;
				BUNDLE_LOADER = "$(TEST_HOST)";
				CODE_SIGN_STYLE = Automatic;
				CURRENT_PROJECT_VERSION = 1;
				DEVELOPMENT_TEAM = JRYUD35XZ5;
				GENERATE_INFOPLIST_FILE = YES;
				IPHONEOS_DEPLOYMENT_TARGET = 15.0;
				LD_RUNPATH_SEARCH_PATHS = (
					"$(inherited)",
					"@executable_path/Frameworks",
					"@loader_path/Frameworks",
				);
				MARKETING_VERSION = 1.0;
				PRODUCT_BUNDLE_IDENTIFIER = com.sevenpeakssoftware.michaeldugah.CarsTests;
				PRODUCT_NAME = "$(TARGET_NAME)";
				SWIFT_EMIT_LOC_STRINGS = NO;
				SWIFT_VERSION = 5.0;
				TARGETED_DEVICE_FAMILY = "1,2";
				TEST_HOST = "$(BUILT_PRODUCTS_DIR)/Cars.app/Cars";
			};
			name = Release;
		};
		5D256C03274BF9F800442724 /* Debug */ = {
			isa = XCBuildConfiguration;
			buildSettings = {
				ALWAYS_EMBED_SWIFT_STANDARD_LIBRARIES = YES;
				CODE_SIGN_STYLE = Automatic;
				CURRENT_PROJECT_VERSION = 1;
				DEVELOPMENT_TEAM = JRYUD35XZ5;
				GENERATE_INFOPLIST_FILE = YES;
				LD_RUNPATH_SEARCH_PATHS = (
					"$(inherited)",
					"@executable_path/Frameworks",
					"@loader_path/Frameworks",
				);
				MARKETING_VERSION = 1.0;
				PRODUCT_BUNDLE_IDENTIFIER = com.sevenpeakssoftware.michaeldugah.CarsUITests;
				PRODUCT_NAME = "$(TARGET_NAME)";
				SWIFT_EMIT_LOC_STRINGS = NO;
				SWIFT_VERSION = 5.0;
				TARGETED_DEVICE_FAMILY = "1,2";
				TEST_TARGET_NAME = Cars;
			};
			name = Debug;
		};
		5D256C04274BF9F800442724 /* Release */ = {
			isa = XCBuildConfiguration;
			buildSettings = {
				ALWAYS_EMBED_SWIFT_STANDARD_LIBRARIES = YES;
				CODE_SIGN_STYLE = Automatic;
				CURRENT_PROJECT_VERSION = 1;
				DEVELOPMENT_TEAM = JRYUD35XZ5;
				GENERATE_INFOPLIST_FILE = YES;
				LD_RUNPATH_SEARCH_PATHS = (
					"$(inherited)",
					"@executable_path/Frameworks",
					"@loader_path/Frameworks",
				);
				MARKETING_VERSION = 1.0;
				PRODUCT_BUNDLE_IDENTIFIER = com.sevenpeakssoftware.michaeldugah.CarsUITests;
				PRODUCT_NAME = "$(TARGET_NAME)";
				SWIFT_EMIT_LOC_STRINGS = NO;
				SWIFT_VERSION = 5.0;
				TARGETED_DEVICE_FAMILY = "1,2";
				TEST_TARGET_NAME = Cars;
			};
			name = Release;
		};
/* End XCBuildConfiguration section */

/* Begin XCConfigurationList section */
		5D256BCD274BF9F500442724 /* Build configuration list for PBXProject "Cars" */ = {
			isa = XCConfigurationList;
			buildConfigurations = (
				5D256BFA274BF9F800442724 /* Debug */,
				5D256BFB274BF9F800442724 /* Release */,
			);
			defaultConfigurationIsVisible = 0;
			defaultConfigurationName = Release;
		};
		5D256BFC274BF9F800442724 /* Build configuration list for PBXNativeTarget "Cars" */ = {
			isa = XCConfigurationList;
			buildConfigurations = (
				5D256BFD274BF9F800442724 /* Debug */,
				5D256BFE274BF9F800442724 /* Release */,
			);
			defaultConfigurationIsVisible = 0;
			defaultConfigurationName = Release;
		};
		5D256BFF274BF9F800442724 /* Build configuration list for PBXNativeTarget "CarsTests" */ = {
			isa = XCConfigurationList;
			buildConfigurations = (
				5D256C00274BF9F800442724 /* Debug */,
				5D256C01274BF9F800442724 /* Release */,
			);
			defaultConfigurationIsVisible = 0;
			defaultConfigurationName = Release;
		};
		5D256C02274BF9F800442724 /* Build configuration list for PBXNativeTarget "CarsUITests" */ = {
			isa = XCConfigurationList;
			buildConfigurations = (
				5D256C03274BF9F800442724 /* Debug */,
				5D256C04274BF9F800442724 /* Release */,
			);
			defaultConfigurationIsVisible = 0;
			defaultConfigurationName = Release;
		};
/* End XCConfigurationList section */
	};
	rootObject = 5D256BCA274BF9F500442724 /* Project object */;
}
